<?xml version="1.0" encoding="utf-8"?>
<Project ToolsVersion="4.0" xmlns="http://schemas.microsoft.com/developer/msbuild/2003">
  <ItemGroup>
    <Filter Include="源文件">
      <UniqueIdentifier>{4FC737F1-C7A5-4376-A066-2A32D752A2FF}</UniqueIdentifier>
      <Extensions>cpp;c;cc;cxx;def;odl;idl;hpj;bat;asm;asmx</Extensions>
    </Filter>
    <Filter Include="头文件">
      <UniqueIdentifier>{93995380-89BD-4b04-88EB-625FBE52EBFB}</UniqueIdentifier>
      <Extensions>h;hpp;hxx;hm;inl;inc;xsd</Extensions>
    </Filter>
    <Filter Include="资源文件">
      <UniqueIdentifier>{67DA6AB6-F800-4c08-8B7A-83BB121AAD01}</UniqueIdentifier>
      <Extensions>rc;ico;cur;bmp;dlg;rc2;rct;bin;rgs;gif;jpg;jpeg;jpe;resx;tiff;tif;png;wav;mfcribbon-ms</Extensions>
    </Filter>
  </ItemGroup>
  <ItemGroup>
    <ClInclude Include="..\..\inc\common\AppLog.h">
      <Filter>头文件</Filter>
    </ClInclude>
    <ClInclude Include="..\..\inc\common\Condition.h">
      <Filter>头文件</Filter>
    </ClInclude>
    <ClInclude Include="..\..\inc\common\DateTime.h">
      <Filter>头文件</Filter>
    </ClInclude>
    <ClInclude Include="..\..\inc\common\Directory.h">
      <Filter>头文件</Filter>
    </ClInclude>
    <ClInclude Include="..\..\inc\common\ExceptionErr.h">
      <Filter>头文件</Filter>
    </ClInclude>
    <ClInclude Include="..\..\inc\common\Global.h">
      <Filter>头文件</Filter>
    </ClInclude>
    <ClInclude Include="..\..\inc\common\Mutex.h">
      <Filter>头文件</Filter>
    </ClInclude>
    <ClInclude Include="..\..\inc\common\PreUT.h">
      <Filter>头文件</Filter>
    </ClInclude>
    <ClInclude Include="..\..\inc\common\QueueBuffer.h">
      <Filter>头文件</Filter>
    </ClInclude>
    <ClInclude Include="..\..\inc\common\SimpleDateTime.h">
      <Filter>头文件</Filter>
    </ClInclude>
    <ClInclude Include="..\..\inc\common\SimpleMath.h">
      <Filter>头文件</Filter>
    </ClInclude>
    <ClInclude Include="..\..\inc\common\SpendTime.h">
      <Filter>头文件</Filter>
    </ClInclude>
    <ClInclude Include="..\..\inc\common\SpinLock.h">
      <Filter>头文件</Filter>
    </ClInclude>
    <ClInclude Include="..\..\inc\common\StatusDefine.h">
      <Filter>头文件</Filter>
    </ClInclude>
    <ClInclude Include="..\..\inc\common\SymbolChanger.h">
      <Filter>头文件</Filter>
    </ClInclude>
    <ClInclude Include="..\..\inc\common\Thread.h">
      <Filter>头文件</Filter>
    </ClInclude>
    <ClInclude Include="..\..\inc\common\WinAdapteLinux.h">
      <Filter>头文件</Filter>
    </ClInclude>
    <ClInclude Include="..\..\inc\common\XmlConfig.h">
      <Filter>头文件</Filter>
    </ClInclude>
  </ItemGroup>
  <ItemGroup>
    <ClCompile Include="E:\its\MaDemo\project\Common\AppLog.cpp">
      <Filter>源文件</Filter>
    </ClCompile>
    <ClCompile Include="E:\its\MaDemo\project\Common\Condition.cpp">
      <Filter>源文件</Filter>
    </ClCompile>
    <ClCompile Include="E:\its\MaDemo\project\Common\DateTime.cpp">
      <Filter>源文件</Filter>
    </ClCompile>
    <ClCompile Include="E:\its\MaDemo\project\Common\Directory.cpp">
      <Filter>源文件</Filter>
    </ClCompile>
    <ClCompile Include="E:\its\MaDemo\project\Common\ExceptionErr.cpp">
      <Filter>源文件</Filter>
    </ClCompile>
    <ClCompile Include="E:\its\MaDemo\project\Common\Global.cpp">
      <Filter>源文件</Filter>
    </ClCompile>
    <ClCompile Include="E:\its\MaDemo\project\Common\Mutex.cpp">
      <Filter>源文件</Filter>
    </ClCompile>
    <ClCompile Include="E:\its\MaDemo\project\Common\SimpleDateTime.cpp">
      <Filter>源文件</Filter>
    </ClCompile>
    <ClCompile Include="E:\its\MaDemo\project\Common\SimpleMath.cpp">
      <Filter>源文件</Filter>
    </ClCompile>
    <ClCompile Include="E:\its\MaDemo\project\Common\SpinLock.cpp">
      <Filter>源文件</Filter>
    </ClCompile>
    <ClCompile Include="E:\its\MaDemo\project\Common\StatusDefine.cpp">
      <Filter>源文件</Filter>
    </ClCompile>
    <ClCompile Include="E:\its\MaDemo\project\Common\SymbolChanger.cpp">
      <Filter>源文件</Filter>
    </ClCompile>
    <ClCompile Include="E:\its\MaDemo\project\Common\Thread.cpp">
      <Filter>源文件</Filter>
    </ClCompile>
    <ClCompile Include="E:\its\MaDemo\project\Common\WinAdapteLinux.cpp">
      <Filter>源文件</Filter>
    </ClCompile>
    <ClCompile Include="E:\its\MaDemo\project\Common\XmlConfig.cpp">
      <Filter>源文件</Filter>
    </ClCompile>
  </ItemGroup>
</Project>