<?xml version="1.0" encoding="utf-8"?>
<Project ToolsVersion="4.0" xmlns="http://schemas.microsoft.com/developer/msbuild/2003">
  <ItemGroup>
    <Filter Include="源文件">
      <UniqueIdentifier>{4FC737F1-C7A5-4376-A066-2A32D752A2FF}</UniqueIdentifier>
      <Extensions>cpp;c;cc;cxx;def;odl;idl;hpj;bat;asm;asmx</Extensions>
    </Filter>
    <Filter Include="头文件">
      <UniqueIdentifier>{93995380-89BD-4b04-88EB-625FBE52EBFB}</UniqueIdentifier>
      <Extensions>h;hpp;hxx;hm;inl;inc;xsd</Extensions>
    </Filter>
    <Filter Include="资源文件">
      <UniqueIdentifier>{67DA6AB6-F800-4c08-8B7A-83BB121AAD01}</UniqueIdentifier>
      <Extensions>rc;ico;cur;bmp;dlg;rc2;rct;bin;rgs;gif;jpg;jpeg;jpe;resx;tiff;tif;png;wav;mfcribbon-ms</Extensions>
    </Filter>
    <Filter Include="头文件\ctp">
      <UniqueIdentifier>{d2f73aa1-6061-45d1-a7da-654ad335118a}</UniqueIdentifier>
    </Filter>
  </ItemGroup>
  <ItemGroup>
    <ClInclude Include="..\..\inc\ctp\ctp\win\ThostFtdcMdApi.h">
      <Filter>头文件\ctp</Filter>
    </ClInclude>
    <ClInclude Include="..\..\inc\ctp\ctp\win\ThostFtdcTraderApi.h">
      <Filter>头文件\ctp</Filter>
    </ClInclude>
    <ClInclude Include="..\..\inc\ctp\ctp\win\ThostFtdcUserApiDataType.h">
      <Filter>头文件\ctp</Filter>
    </ClInclude>
    <ClInclude Include="..\..\inc\ctp\ctp\win\ThostFtdcUserApiStruct.h">
      <Filter>头文件\ctp</Filter>
    </ClInclude>
    <ClInclude Include="..\..\inc\ctp\CtpFutureMarketDataApi.h">
      <Filter>头文件</Filter>
    </ClInclude>
    <ClInclude Include="..\..\inc\ctp\CtpFutureTradeApi.h">
      <Filter>头文件</Filter>
    </ClInclude>
    <ClInclude Include="..\..\inc\ctp\MarketDataApi.h">
      <Filter>头文件</Filter>
    </ClInclude>
    <ClInclude Include="..\..\inc\ctp\MarketDataApiFactory.h">
      <Filter>头文件</Filter>
    </ClInclude>
    <ClInclude Include="..\..\inc\ctp\MarketTradeApi.h">
      <Filter>头文件</Filter>
    </ClInclude>
    <ClInclude Include="..\..\inc\ctp\MarketTradeApiFactory.h">
      <Filter>头文件</Filter>
    </ClInclude>
    <ClInclude Include="..\..\inc\ctp\Protocol.h">
      <Filter>头文件</Filter>
    </ClInclude>
  </ItemGroup>
  <ItemGroup>
    <ClCompile Include="..\..\src\ctp\CtpFutureMarketDataApi.cpp">
      <Filter>源文件</Filter>
    </ClCompile>
    <ClCompile Include="..\..\src\ctp\CtpFutureTradeApi.cpp">
      <Filter>源文件</Filter>
    </ClCompile>
    <ClCompile Include="..\..\src\ctp\MarketDataApi.cpp">
      <Filter>源文件</Filter>
    </ClCompile>
    <ClCompile Include="..\..\src\ctp\MarketDataApiFactory.cpp">
      <Filter>源文件</Filter>
    </ClCompile>
    <ClCompile Include="..\..\src\ctp\MarketTradeApi.cpp">
      <Filter>源文件</Filter>
    </ClCompile>
    <ClCompile Include="..\..\src\ctp\MarketTradeApiFactory.cpp">
      <Filter>源文件</Filter>
    </ClCompile>
  </ItemGroup>
</Project>