
Microsoft Visual Studio Solution File, Format Version 11.00
# Visual Studio 2010
Project("{8BC9CEB8-8B4A-11D0-8D11-00A0C91BC942}") = "common", "common\common.vcxproj", "{695EFD0B-B924-4F84-A939-0D14A6605855}"
EndProject
Project("{8BC9CEB8-8B4A-11D0-8D11-00A0C91BC942}") = "main", "main\main.vcxproj", "{7A1566A5-1810-464D-AC5E-A40D5729C391}"
	ProjectSection(ProjectDependencies) = postProject
		{0D534707-580B-4100-AC44-8B58036808E8} = {0D534707-580B-4100-AC44-8B58036808E8}
		{695EFD0B-B924-4F84-A939-0D14A6605855} = {695EFD0B-B924-4F84-A939-0D14A6605855}
		{630BDE4A-EBAF-4026-A55B-6052723F3621} = {630BDE4A-EBAF-4026-A55B-6052723F3621}
		{28246587-BE8A-42A3-8655-B7D3D525753E} = {28246587-BE8A-42A3-8655-B7D3D525753E}
		{9E979696-2004-4CA2-8A07-B828B548A5CF} = {9E979696-2004-4CA2-8A07-B828B548A5CF}
		{47539D9A-14EC-4FD6-BEBC-F411E093CAA1} = {47539D9A-14EC-4FD6-BEBC-F411E093CAA1}
	EndProjectSection
EndProject
Project("{8BC9CEB8-8B4A-11D0-8D11-00A0C91BC942}") = "ctp", "ctp\ctp.vcxproj", "{47539D9A-14EC-4FD6-BEBC-F411E093CAA1}"
	ProjectSection(ProjectDependencies) = postProject
		{695EFD0B-B924-4F84-A939-0D14A6605855} = {695EFD0B-B924-4F84-A939-0D14A6605855}
		{630BDE4A-EBAF-4026-A55B-6052723F3621} = {630BDE4A-EBAF-4026-A55B-6052723F3621}
	EndProjectSection
EndProject
Project("{8BC9CEB8-8B4A-11D0-8D11-00A0C91BC942}") = "datalib", "datalib\datalib.vcxproj", "{630BDE4A-EBAF-4026-A55B-6052723F3621}"
EndProject
Project("{8BC9CEB8-8B4A-11D0-8D11-00A0C91BC942}") = "account", "account\account.vcxproj", "{0D534707-580B-4100-AC44-8B58036808E8}"
	ProjectSection(ProjectDependencies) = postProject
		{47539D9A-14EC-4FD6-BEBC-F411E093CAA1} = {47539D9A-14EC-4FD6-BEBC-F411E093CAA1}
	EndProjectSection
EndProject
Project("{8BC9CEB8-8B4A-11D0-8D11-00A0C91BC942}") = "network", "network\network.vcxproj", "{28246587-BE8A-42A3-8655-B7D3D525753E}"
	ProjectSection(ProjectDependencies) = postProject
		{695EFD0B-B924-4F84-A939-0D14A6605855} = {695EFD0B-B924-4F84-A939-0D14A6605855}
	EndProjectSection
EndProject
Project("{8BC9CEB8-8B4A-11D0-8D11-00A0C91BC942}") = "strategy", "strategy\strategy.vcxproj", "{9E979696-2004-4CA2-8A07-B828B548A5CF}"
	ProjectSection(ProjectDependencies) = postProject
		{0D534707-580B-4100-AC44-8B58036808E8} = {0D534707-580B-4100-AC44-8B58036808E8}
	EndProjectSection
EndProject
Global
	GlobalSection(SolutionConfigurationPlatforms) = preSolution
		Debug|Win32 = Debug|Win32
		Release|Win32 = Release|Win32
	EndGlobalSection
	GlobalSection(ProjectConfigurationPlatforms) = postSolution
		{695EFD0B-B924-4F84-A939-0D14A6605855}.Debug|Win32.ActiveCfg = Debug|Win32
		{695EFD0B-B924-4F84-A939-0D14A6605855}.Debug|Win32.Build.0 = Debug|Win32
		{695EFD0B-B924-4F84-A939-0D14A6605855}.Release|Win32.ActiveCfg = Release|Win32
		{695EFD0B-B924-4F84-A939-0D14A6605855}.Release|Win32.Build.0 = Release|Win32
		{7A1566A5-1810-464D-AC5E-A40D5729C391}.Debug|Win32.ActiveCfg = Debug|Win32
		{7A1566A5-1810-464D-AC5E-A40D5729C391}.Debug|Win32.Build.0 = Debug|Win32
		{7A1566A5-1810-464D-AC5E-A40D5729C391}.Release|Win32.ActiveCfg = Release|Win32
		{7A1566A5-1810-464D-AC5E-A40D5729C391}.Release|Win32.Build.0 = Release|Win32
		{47539D9A-14EC-4FD6-BEBC-F411E093CAA1}.Debug|Win32.ActiveCfg = Debug|Win32
		{47539D9A-14EC-4FD6-BEBC-F411E093CAA1}.Debug|Win32.Build.0 = Debug|Win32
		{47539D9A-14EC-4FD6-BEBC-F411E093CAA1}.Release|Win32.ActiveCfg = Release|Win32
		{47539D9A-14EC-4FD6-BEBC-F411E093CAA1}.Release|Win32.Build.0 = Release|Win32
		{630BDE4A-EBAF-4026-A55B-6052723F3621}.Debug|Win32.ActiveCfg = Debug|Win32
		{630BDE4A-EBAF-4026-A55B-6052723F3621}.Debug|Win32.Build.0 = Debug|Win32
		{630BDE4A-EBAF-4026-A55B-6052723F3621}.Release|Win32.ActiveCfg = Release|Win32
		{630BDE4A-EBAF-4026-A55B-6052723F3621}.Release|Win32.Build.0 = Release|Win32
		{0D534707-580B-4100-AC44-8B58036808E8}.Debug|Win32.ActiveCfg = Debug|Win32
		{0D534707-580B-4100-AC44-8B58036808E8}.Debug|Win32.Build.0 = Debug|Win32
		{0D534707-580B-4100-AC44-8B58036808E8}.Release|Win32.ActiveCfg = Release|Win32
		{0D534707-580B-4100-AC44-8B58036808E8}.Release|Win32.Build.0 = Release|Win32
		{28246587-BE8A-42A3-8655-B7D3D525753E}.Debug|Win32.ActiveCfg = Debug|Win32
		{28246587-BE8A-42A3-8655-B7D3D525753E}.Debug|Win32.Build.0 = Debug|Win32
		{28246587-BE8A-42A3-8655-B7D3D525753E}.Release|Win32.ActiveCfg = Release|Win32
		{28246587-BE8A-42A3-8655-B7D3D525753E}.Release|Win32.Build.0 = Release|Win32
		{9E979696-2004-4CA2-8A07-B828B548A5CF}.Debug|Win32.ActiveCfg = Debug|Win32
		{9E979696-2004-4CA2-8A07-B828B548A5CF}.Debug|Win32.Build.0 = Debug|Win32
		{9E979696-2004-4CA2-8A07-B828B548A5CF}.Release|Win32.ActiveCfg = Release|Win32
		{9E979696-2004-4CA2-8A07-B828B548A5CF}.Release|Win32.Build.0 = Release|Win32
	EndGlobalSection
	GlobalSection(SolutionProperties) = preSolution
		HideSolutionNode = FALSE
	EndGlobalSection
EndGlobal
