
Microsoft Visual Studio Solution File, Format Version 11.00
# Visual Studio 2010
Project("{8BC9CEB8-8B4A-11D0-8D11-00A0C91BC942}") = "common", "..\prj\common\common.vcxproj", "{695EFD0B-B924-4F84-A939-0D14A6605855}"
EndProject
Project("{8BC9CEB8-8B4A-11D0-8D11-00A0C91BC942}") = "main", "..\prj\main\main.vcxproj", "{7A1566A5-1810-464D-AC5E-A40D5729C391}"
EndProject
Global
	GlobalSection(SolutionConfigurationPlatforms) = preSolution
		Debug|Win32 = Debug|Win32
		Release|Win32 = Release|Win32
	EndGlobalSection
	GlobalSection(ProjectConfigurationPlatforms) = postSolution
		{695EFD0B-B924-4F84-A939-0D14A6605855}.Debug|Win32.ActiveCfg = Debug|Win32
		{695EFD0B-B924-4F84-A939-0D14A6605855}.Debug|Win32.Build.0 = Debug|Win32
		{695EFD0B-B924-4F84-A939-0D14A6605855}.Release|Win32.ActiveCfg = Release|Win32
		{695EFD0B-B924-4F84-A939-0D14A6605855}.Release|Win32.Build.0 = Release|Win32
		{7A1566A5-1810-464D-AC5E-A40D5729C391}.Debug|Win32.ActiveCfg = Debug|Win32
		{7A1566A5-1810-464D-AC5E-A40D5729C391}.Debug|Win32.Build.0 = Debug|Win32
		{7A1566A5-1810-464D-AC5E-A40D5729C391}.Release|Win32.ActiveCfg = Release|Win32
		{7A1566A5-1810-464D-AC5E-A40D5729C391}.Release|Win32.Build.0 = Release|Win32
	EndGlobalSection
	GlobalSection(SolutionProperties) = preSolution
		HideSolutionNode = FALSE
	EndGlobalSection
EndGlobal
